
Microsoft Visual Studio Solution File, Format Version 12.00
# Visual Studio Version 17
VisualStudioVersion = 17.4.33205.214
MinimumVisualStudioVersion = 10.0.40219.1
Project("{8BC9CEB8-8B4A-11D0-8D11-00A0C91BC942}") = "ProgrammingAssignmentSeven", "ProgrammingAssignmentSeven.vcxproj", "{110436F7-05EE-43BD-8FE2-07EDBBB46C50}"
EndProject
Global
	GlobalSection(SolutionConfigurationPlatforms) = preSolution
		Debug|x64 = Debug|x64
		Debug|x86 = Debug|x86
		Release|x64 = Release|x64
		Release|x86 = Release|x86
	EndGlobalSection
	GlobalSection(ProjectConfigurationPlatforms) = postSolution
		{110436F7-05EE-43BD-8FE2-07EDBBB46C50}.Debug|x64.ActiveCfg = Debug|x64
		{110436F7-05EE-43BD-8FE2-07EDBBB46C50}.Debug|x64.Build.0 = Debug|x64
		{110436F7-05EE-43BD-8FE2-07EDBBB46C50}.Debug|x86.ActiveCfg = Debug|Win32
		{110436F7-05EE-43BD-8FE2-07EDBBB46C50}.Debug|x86.Build.0 = Debug|Win32
		{110436F7-05EE-43BD-8FE2-07EDBBB46C50}.Release|x64.ActiveCfg = Release|x64
		{110436F7-05EE-43BD-8FE2-07EDBBB46C50}.Release|x64.Build.0 = Release|x64
		{110436F7-05EE-43BD-8FE2-07EDBBB46C50}.Release|x86.ActiveCfg = Release|Win32
		{110436F7-05EE-43BD-8FE2-07EDBBB46C50}.Release|x86.Build.0 = Release|Win32
	EndGlobalSection
	GlobalSection(SolutionProperties) = preSolution
		HideSolutionNode = FALSE
	EndGlobalSection
	GlobalSection(ExtensibilityGlobals) = postSolution
		SolutionGuid = {E9DD7815-64A4-412D-A26C-E12904D63921}
	EndGlobalSection
EndGlobal
